// !$*UTF8*$!
{
	archiveVersion = 1;
	classes = {
	};
	objectVersion = 46;
	objects = {

/* Begin PBXBuildFile section */
		E07550F81CA4EE10000BF199 /* AppDelegate.swift in Sources */ = {isa = PBXBuildFile; fileRef = E07550F71CA4EE10000BF199 /* AppDelegate.swift */; };
		E07550FA1CA4EE10000BF199 /* PlayViewController.swift in Sources */ = {isa = PBXBuildFile; fileRef = E07550F91CA4EE10000BF199 /* PlayViewController.swift */; };
		E07550FD1CA4EE10000BF199 /* Main.storyboard in Resources */ = {isa = PBXBuildFile; fileRef = E07550FB1CA4EE10000BF199 /* Main.storyboard */; };
		E07550FF1CA4EE10000BF199 /* Assets.xcassets in Resources */ = {isa = PBXBuildFile; fileRef = E07550FE1CA4EE10000BF199 /* Assets.xcassets */; };
		E07551021CA4EE10000BF199 /* LaunchScreen.storyboard in Resources */ = {isa = PBXBuildFile; fileRef = E07551001CA4EE10000BF199 /* LaunchScreen.storyboard */; };
		E075510A1CA62BA2000BF199 /* ResultsViewController.swift in Sources */ = {isa = PBXBuildFile; fileRef = E07551091CA62BA2000BF199 /* ResultsViewController.swift */; };
		E07551121CA63CE0000BF199 /* itsATie.png in Resources */ = {isa = PBXBuildFile; fileRef = E075510B1CA63CE0000BF199 /* itsATie.png */; };
		E07551131CA63CE0000BF199 /* paper.png in Resources */ = {isa = PBXBuildFile; fileRef = E075510C1CA63CE0000BF199 /* paper.png */; };
		E07551141CA63CE0000BF199 /* PaperCoversRock.jpg in Resources */ = {isa = PBXBuildFile; fileRef = E075510D1CA63CE0000BF199 /* PaperCoversRock.jpg */; };
		E07551151CA63CE0000BF199 /* rock.png in Resources */ = {isa = PBXBuildFile; fileRef = E075510E1CA63CE0000BF199 /* rock.png */; };
		E07551161CA63CE0000BF199 /* RockCrushesScissors.jpeg in Resources */ = {isa = PBXBuildFile; fileRef = E075510F1CA63CE0000BF199 /* RockCrushesScissors.jpeg */; };
		E07551171CA63CE0000BF199 /* scissors.png in Resources */ = {isa = PBXBuildFile; fileRef = E07551101CA63CE0000BF199 /* scissors.png */; };
		E07551181CA63CE0000BF199 /* ScissorsCutPaper.jpg in Resources */ = {isa = PBXBuildFile; fileRef = E07551111CA63CE0000BF199 /* ScissorsCutPaper.jpg */; };
/* End PBXBuildFile section */

/* Begin PBXFileReference section */
		E07550F41CA4EE10000BF199 /* Roshambo.app */ = {isa = PBXFileReference; explicitFileType = wrapper.application; includeInIndex = 0; path = Roshambo.app; sourceTree = BUILT_PRODUCTS_DIR; };
		E07550F71CA4EE10000BF199 /* AppDelegate.swift */ = {isa = PBXFileReference; lastKnownFileType = sourcecode.swift; path = AppDelegate.swift; sourceTree = "<group>"; };
		E07550F91CA4EE10000BF199 /* PlayViewController.swift */ = {isa = PBXFileReference; lastKnownFileType = sourcecode.swift; path = PlayViewController.swift; sourceTree = "<group>"; };
		E07550FC1CA4EE10000BF199 /* Base */ = {isa = PBXFileReference; lastKnownFileType = file.storyboard; name = Base; path = Base.lproj/Main.storyboard; sourceTree = "<group>"; };
		E07550FE1CA4EE10000BF199 /* Assets.xcassets */ = {isa = PBXFileReference; lastKnownFileType = folder.assetcatalog; path = Assets.xcassets; sourceTree = "<group>"; };
		E07551011CA4EE10000BF199 /* Base */ = {isa = PBXFileReference; lastKnownFileType = file.storyboard; name = Base; path = Base.lproj/LaunchScreen.storyboard; sourceTree = "<group>"; };
		E07551031CA4EE10000BF199 /* Info.plist */ = {isa = PBXFileReference; lastKnownFileType = text.plist.xml; path = Info.plist; sourceTree = "<group>"; };
		E07551091CA62BA2000BF199 /* ResultsViewController.swift */ = {isa = PBXFileReference; fileEncoding = 4; lastKnownFileType = sourcecode.swift; path = ResultsViewController.swift; sourceTree = "<group>"; };
		E075510B1CA63CE0000BF199 /* itsATie.png */ = {isa = PBXFileReference; lastKnownFileType = image.png; path = itsATie.png; sourceTree = "<group>"; };
		E075510C1CA63CE0000BF199 /* paper.png */ = {isa = PBXFileReference; lastKnownFileType = image.png; path = paper.png; sourceTree = "<group>"; };
		E075510D1CA63CE0000BF199 /* PaperCoversRock.jpg */ = {isa = PBXFileReference; lastKnownFileType = image.jpeg; path = PaperCoversRock.jpg; sourceTree = "<group>"; };
		E075510E1CA63CE0000BF199 /* rock.png */ = {isa = PBXFileReference; lastKnownFileType = image.png; path = rock.png; sourceTree = "<group>"; };
		E075510F1CA63CE0000BF199 /* RockCrushesScissors.jpeg */ = {isa = PBXFileReference; lastKnownFileType = image.jpeg; path = RockCrushesScissors.jpeg; sourceTree = "<group>"; };
		E07551101CA63CE0000BF199 /* scissors.png */ = {isa = PBXFileReference; lastKnownFileType = image.png; path = scissors.png; sourceTree = "<group>"; };
		E07551111CA63CE0000BF199 /* ScissorsCutPaper.jpg */ = {isa = PBXFileReference; lastKnownFileType = image.jpeg; path = ScissorsCutPaper.jpg; sourceTree = "<group>"; };
/* End PBXFileReference section */

/* Begin PBXFrameworksBuildPhase section */
		E07550F11CA4EE10000BF199 /* Frameworks */ = {
			isa = PBXFrameworksBuildPhase;
			buildActionMask = 2147483647;
			files = (
			);
			runOnlyForDeploymentPostprocessing = 0;
		};
/* End PBXFrameworksBuildPhase section */

/* Begin PBXGroup section */
		E07550EB1CA4EE10000BF199 = {
			isa = PBXGroup;
			children = (
				E07550F61CA4EE10000BF199 /* Roshambo */,
				E07550F51CA4EE10000BF199 /* Products */,
			);
			sourceTree = "<group>";
		};
		E07550F51CA4EE10000BF199 /* Products */ = {
			isa = PBXGroup;
			children = (
				E07550F41CA4EE10000BF199 /* Roshambo.app */,
			);
			name = Products;
			sourceTree = "<group>";
		};
		E07550F61CA4EE10000BF199 /* Roshambo */ = {
			isa = PBXGroup;
			children = (
				E07550F71CA4EE10000BF199 /* AppDelegate.swift */,
				E07550F91CA4EE10000BF199 /* PlayViewController.swift */,
				E07551091CA62BA2000BF199 /* ResultsViewController.swift */,
				E075510B1CA63CE0000BF199 /* itsATie.png */,
				E075510C1CA63CE0000BF199 /* paper.png */,
				E075510D1CA63CE0000BF199 /* PaperCoversRock.jpg */,
				E075510E1CA63CE0000BF199 /* rock.png */,
				E075510F1CA63CE0000BF199 /* RockCrushesScissors.jpeg */,
				E07551101CA63CE0000BF199 /* scissors.png */,
				E07551111CA63CE0000BF199 /* ScissorsCutPaper.jpg */,
				E07550FB1CA4EE10000BF199 /* Main.storyboard */,
				E07550FE1CA4EE10000BF199 /* Assets.xcassets */,
				E07551001CA4EE10000BF199 /* LaunchScreen.storyboard */,
				E07551031CA4EE10000BF199 /* Info.plist */,
			);
			path = Roshambo;
			sourceTree = "<group>";
		};
/* End PBXGroup section */

/* Begin PBXNativeTarget section */
		E07550F31CA4EE10000BF199 /* Roshambo */ = {
			isa = PBXNativeTarget;
			buildConfigurationList = E07551061CA4EE10000BF199 /* Build configuration list for PBXNativeTarget "Roshambo" */;
			buildPhases = (
				E07550F01CA4EE10000BF199 /* Sources */,
				E07550F11CA4EE10000BF199 /* Frameworks */,
				E07550F21CA4EE10000BF199 /* Resources */,
			);
			buildRules = (
			);
			dependencies = (
			);
			name = Roshambo;
			productName = Roshambo;
			productReference = E07550F41CA4EE10000BF199 /* Roshambo.app */;
			productType = "com.apple.product-type.application";
		};
/* End PBXNativeTarget section */

/* Begin PBXProject section */
		E07550EC1CA4EE10000BF199 /* Project object */ = {
			isa = PBXProject;
			attributes = {
				LastSwiftUpdateCheck = 0730;
				LastUpgradeCheck = 0730;
				ORGANIZATIONNAME = "Ashley Donohoe";
				TargetAttributes = {
					E07550F31CA4EE10000BF199 = {
						CreatedOnToolsVersion = 7.3;
					};
				};
			};
			buildConfigurationList = E07550EF1CA4EE10000BF199 /* Build configuration list for PBXProject "Roshambo" */;
			compatibilityVersion = "Xcode 3.2";
			developmentRegion = English;
			hasScannedForEncodings = 0;
			knownRegions = (
				en,
				Base,
			);
			mainGroup = E07550EB1CA4EE10000BF199;
			productRefGroup = E07550F51CA4EE10000BF199 /* Products */;
			projectDirPath = "";
			projectRoot = "";
			targets = (
				E07550F31CA4EE10000BF199 /* Roshambo */,
			);
		};
/* End PBXProject section */

/* Begin PBXResourcesBuildPhase section */
		E07550F21CA4EE10000BF199 /* Resources */ = {
			isa = PBXResourcesBuildPhase;
			buildActionMask = 2147483647;
			files = (
				E07551181CA63CE0000BF199 /* ScissorsCutPaper.jpg in Resources */,
				E07551021CA4EE10000BF199 /* LaunchScreen.storyboard in Resources */,
				E07551161CA63CE0000BF199 /* RockCrushesScissors.jpeg in Resources */,
				E07551131CA63CE0000BF199 /* paper.png in Resources */,
				E07551121CA63CE0000BF199 /* itsATie.png in Resources */,
				E07551151CA63CE0000BF199 /* rock.png in Resources */,
				E07551141CA63CE0000BF199 /* PaperCoversRock.jpg in Resources */,
				E07550FF1CA4EE10000BF199 /* Assets.xcassets in Resources */,
				E07550FD1CA4EE10000BF199 /* Main.storyboard in Resources */,
				E07551171CA63CE0000BF199 /* scissors.png in Resources */,
			);
			runOnlyForDeploymentPostprocessing = 0;
		};
/* End PBXResourcesBuildPhase section */

/* Begin PBXSourcesBuildPhase section */
		E07550F01CA4EE10000BF199 /* Sources */ = {
			isa = PBXSourcesBuildPhase;
			buildActionMask = 2147483647;
			files = (
				E07550FA1CA4EE10000BF199 /* PlayViewController.swift in Sources */,
				E07550F81CA4EE10000BF199 /* AppDelegate.swift in Sources */,
				E075510A1CA62BA2000BF199 /* ResultsViewController.swift in Sources */,
			);
			runOnlyForDeploymentPostprocessing = 0;
		};
/* End PBXSourcesBuildPhase section */

/* Begin PBXVariantGroup section */
		E07550FB1CA4EE10000BF199 /* Main.storyboard */ = {
			isa = PBXVariantGroup;
			children = (
				E07550FC1CA4EE10000BF199 /* Base */,
			);
			name = Main.storyboard;
			sourceTree = "<group>";
		};
		E07551001CA4EE10000BF199 /* LaunchScreen.storyboard */ = {
			isa = PBXVariantGroup;
			children = (
				E07551011CA4EE10000BF199 /* Base */,
			);
			name = LaunchScreen.storyboard;
			sourceTree = "<group>";
		};
/* End PBXVariantGroup section */

/* Begin XCBuildConfiguration section */
		E07551041CA4EE10000BF199 /* Debug */ = {
			isa = XCBuildConfiguration;
			buildSettings = {
				ALWAYS_SEARCH_USER_PATHS = NO;
				CLANG_ANALYZER_NONNULL = YES;
				CLANG_CXX_LANGUAGE_STANDARD = "gnu++0x";
				CLANG_CXX_LIBRARY = "libc++";
				CLANG_ENABLE_MODULES = YES;
				CLANG_ENABLE_OBJC_ARC = YES;
				CLANG_WARN_BOOL_CONVERSION = YES;
				CLANG_WARN_CONSTANT_CONVERSION = YES;
				CLANG_WARN_DIRECT_OBJC_ISA_USAGE = YES_ERROR;
				CLANG_WARN_EMPTY_BODY = YES;
				CLANG_WARN_ENUM_CONVERSION = YES;
				CLANG_WARN_INT_CONVERSION = YES;
				CLANG_WARN_OBJC_ROOT_CLASS = YES_ERROR;
				CLANG_WARN_UNREACHABLE_CODE = YES;
				CLANG_WARN__DUPLICATE_METHOD_MATCH = YES;
				"CODE_SIGN_IDENTITY[sdk=iphoneos*]" = "iPhone Developer";
				COPY_PHASE_STRIP = NO;
				DEBUG_INFORMATION_FORMAT = dwarf;
				ENABLE_STRICT_OBJC_MSGSEND = YES;
				ENABLE_TESTABILITY = YES;
				GCC_C_LANGUAGE_STANDARD = gnu99;
				GCC_DYNAMIC_NO_PIC = NO;
				GCC_NO_COMMON_BLOCKS = YES;
				GCC_OPTIMIZATION_LEVEL = 0;
				GCC_PREPROCESSOR_DEFINITIONS = (
					"DEBUG=1",
					"$(inherited)",
				);
				GCC_WARN_64_TO_32_BIT_CONVERSION = YES;
				GCC_WARN_ABOUT_RETURN_TYPE = YES_ERROR;
				GCC_WARN_UNDECLARED_SELECTOR = YES;
				GCC_WARN_UNINITIALIZED_AUTOS = YES_AGGRESSIVE;
				GCC_WARN_UNUSED_FUNCTION = YES;
				GCC_WARN_UNUSED_VARIABLE = YES;
				IPHONEOS_DEPLOYMENT_TARGET = 9.3;
				MTL_ENABLE_DEBUG_INFO = YES;
				ONLY_ACTIVE_ARCH = YES;
				SDKROOT = iphoneos;
				SWIFT_OPTIMIZATION_LEVEL = "-Onone";
			};
			name = Debug;
		};
		E07551051CA4EE10000BF199 /* Release */ = {
			isa = XCBuildConfiguration;
			buildSettings = {
				ALWAYS_SEARCH_USER_PATHS = NO;
				CLANG_ANALYZER_NONNULL = YES;
				CLANG_CXX_LANGUAGE_STANDARD = "gnu++0x";
				CLANG_CXX_LIBRARY = "libc++";
				CLANG_ENABLE_MODULES = YES;
				CLANG_ENABLE_OBJC_ARC = YES;
				CLANG_WARN_BOOL_CONVERSION = YES;
				CLANG_WARN_CONSTANT_CONVERSION = YES;
				CLANG_WARN_DIRECT_OBJC_ISA_USAGE = YES_ERROR;
				CLANG_WARN_EMPTY_BODY = YES;
				CLANG_WARN_ENUM_CONVERSION = YES;
				CLANG_WARN_INT_CONVERSION = YES;
				CLANG_WARN_OBJC_ROOT_CLASS = YES_ERROR;
				CLANG_WARN_UNREACHABLE_CODE = YES;
				CLANG_WARN__DUPLICATE_METHOD_MATCH = YES;
				"CODE_SIGN_IDENTITY[sdk=iphoneos*]" = "iPhone Developer";
				COPY_PHASE_STRIP = NO;
				DEBUG_INFORMATION_FORMAT = "dwarf-with-dsym";
				ENABLE_NS_ASSERTIONS = NO;
				ENABLE_STRICT_OBJC_MSGSEND = YES;
				GCC_C_LANGUAGE_STANDARD = gnu99;
				GCC_NO_COMMON_BLOCKS = YES;
				GCC_WARN_64_TO_32_BIT_CONVERSION = YES;
				GCC_WARN_ABOUT_RETURN_TYPE = YES_ERROR;
				GCC_WARN_UNDECLARED_SELECTOR = YES;
				GCC_WARN_UNINITIALIZED_AUTOS = YES_AGGRESSIVE;
				GCC_WARN_UNUSED_FUNCTION = YES;
				GCC_WARN_UNUSED_VARIABLE = YES;
				IPHONEOS_DEPLOYMENT_TARGET = 9.3;
				MTL_ENABLE_DEBUG_INFO = NO;
				SDKROOT = iphoneos;
				VALIDATE_PRODUCT = YES;
			};
			name = Release;
		};
		E07551071CA4EE10000BF199 /* Debug */ = {
			isa = XCBuildConfiguration;
			buildSettings = {
				ASSETCATALOG_COMPILER_APPICON_NAME = AppIcon;
				INFOPLIST_FILE = Roshambo/Info.plist;
				LD_RUNPATH_SEARCH_PATHS = "$(inherited) @executable_path/Frameworks";
				PRODUCT_BUNDLE_IDENTIFIER = com.ashleyddesigns.Roshambo;
				PRODUCT_NAME = "$(TARGET_NAME)";
			};
			name = Debug;
		};
		E07551081CA4EE10000BF199 /* Release */ = {
			isa = XCBuildConfiguration;
			buildSettings = {
				ASSETCATALOG_COMPILER_APPICON_NAME = AppIcon;
				INFOPLIST_FILE = Roshambo/Info.plist;
				LD_RUNPATH_SEARCH_PATHS = "$(inherited) @executable_path/Frameworks";
				PRODUCT_BUNDLE_IDENTIFIER = com.ashleyddesigns.Roshambo;
				PRODUCT_NAME = "$(TARGET_NAME)";
			};
			name = Release;
		};
/* End XCBuildConfiguration section */

/* Begin XCConfigurationList section */
		E07550EF1CA4EE10000BF199 /* Build configuration list for PBXProject "Roshambo" */ = {
			isa = XCConfigurationList;
			buildConfigurations = (
				E07551041CA4EE10000BF199 /* Debug */,
				E07551051CA4EE10000BF199 /* Release */,
			);
			defaultConfigurationIsVisible = 0;
			defaultConfigurationName = Release;
		};
		E07551061CA4EE10000BF199 /* Build configuration list for PBXNativeTarget "Roshambo" */ = {
			isa = XCConfigurationList;
			buildConfigurations = (
				E07551071CA4EE10000BF199 /* Debug */,
				E07551081CA4EE10000BF199 /* Release */,
			);
			defaultConfigurationIsVisible = 0;
		};
/* End XCConfigurationList section */
	};
	rootObject = E07550EC1CA4EE10000BF199 /* Project object */;
}
